{
  "name": "attendance-kit",
  "version": "0.1.0",
  "lockfileVersion": 3,
  "requires": true,
  "packages": {
    "": {
      "name": "attendance-kit",
      "version": "0.1.0",
      "license": "MIT",
      "workspaces": [
        "apps/*"
      ],
      "engines": {
        "node": ">=18.0.0",
        "npm": ">=8.0.0"
      }
    },
    "apps/backend": {
      "name": "@attendance-kit/backend",
      "version": "0.1.0",
      "license": "MIT"
    },
    "apps/frontend": {
      "name": "@attendance-kit/frontend",
      "version": "0.1.0",
      "license": "MIT"
    },
    "apps/site": {
      "name": "@attendance-kit/site",
      "version": "0.1.0",
      "license": "MIT"
    },
    "node_modules/@attendance-kit/backend": {
      "resolved": "apps/backend",
      "link": true
    },
    "node_modules/@attendance-kit/frontend": {
      "resolved": "apps/frontend",
      "link": true
    },
    "node_modules/@attendance-kit/site": {
      "resolved": "apps/site",
      "link": true
    }
  }
}
